<?xml version="1.0" encoding="utf-8"?>
<Project ToolsVersion="4.0" xmlns="http://schemas.microsoft.com/developer/msbuild/2003">
  <ItemGroup>
    <Filter Include="리소스 파일">
      <UniqueIdentifier>{67DA6AB6-F800-4c08-8B7A-83BB121AAD01}</UniqueIdentifier>
      <Extensions>rc;ico;cur;bmp;dlg;rc2;rct;bin;rgs;gif;jpg;jpeg;jpe;resx;tiff;tif;png;wav;mfcribbon-ms</Extensions>
    </Filter>
    <Filter Include="Game">
      <UniqueIdentifier>{027d47e3-7c04-484a-a791-3ef9ae0336cf}</UniqueIdentifier>
    </Filter>
    <Filter Include="Game\01.Header">
      <UniqueIdentifier>{b0548502-3c7a-49e9-8b31-820f19f6dffb}</UniqueIdentifier>
    </Filter>
    <Filter Include="Game\02.Engine">
      <UniqueIdentifier>{f03d8a9b-ec75-4d7d-9f91-77c817c7c1b8}</UniqueIdentifier>
    </Filter>
    <Filter Include="Game\03.Manager">
      <UniqueIdentifier>{99509323-3c36-4ce3-81ae-f7a5a2f9c70c}</UniqueIdentifier>
    </Filter>
    <Filter Include="Game\04.Object">
      <UniqueIdentifier>{b0ac3b8e-c9bb-44e1-bfcb-87a53ebc99c0}</UniqueIdentifier>
    </Filter>
    <Filter Include="Game\05.Level">
      <UniqueIdentifier>{afde1f6c-146a-4329-a572-80c347d03284}</UniqueIdentifier>
    </Filter>
    <Filter Include="Default">
      <UniqueIdentifier>{f6dd98f3-ad71-47af-9395-ed4162fc2a07}</UniqueIdentifier>
    </Filter>
    <Filter Include="Game\04.Object\Player">
      <UniqueIdentifier>{af133341-404c-483f-82b6-60bbb50e1016}</UniqueIdentifier>
    </Filter>
    <Filter Include="Game\04.Object\Projectile">
      <UniqueIdentifier>{c523cbbf-29e5-4a82-b4d0-2a18f961013e}</UniqueIdentifier>
    </Filter>
    <Filter Include="Game\04.Object\Monster">
      <UniqueIdentifier>{d86e047f-946a-4a7e-be7f-9965ecc00906}</UniqueIdentifier>
    </Filter>
    <Filter Include="Game\06.Component">
      <UniqueIdentifier>{43aaf310-df0d-447a-8e65-280ee14dc80f}</UniqueIdentifier>
    </Filter>
  </ItemGroup>
  <ItemGroup>
    <ClInclude Include="Client.h">
      <Filter>Default</Filter>
    </ClInclude>
    <ClInclude Include="framework.h">
      <Filter>Default</Filter>
    </ClInclude>
    <ClInclude Include="Resource.h">
      <Filter>Default</Filter>
    </ClInclude>
    <ClInclude Include="targetver.h">
      <Filter>Default</Filter>
    </ClInclude>
    <ClInclude Include="pch.h">
      <Filter>Default</Filter>
    </ClInclude>
    <ClInclude Include="define.h">
      <Filter>Game\01.Header</Filter>
    </ClInclude>
    <ClInclude Include="struct.h">
      <Filter>Game\01.Header</Filter>
    </ClInclude>
    <ClInclude Include="CEngine.h">
      <Filter>Game\02.Engine</Filter>
    </ClInclude>
    <ClInclude Include="CObj.h">
      <Filter>Game\04.Object</Filter>
    </ClInclude>
    <ClInclude Include="Player.h">
      <Filter>Game\04.Object\Player</Filter>
    </ClInclude>
    <ClInclude Include="CLevel.h">
      <Filter>Game\05.Level</Filter>
    </ClInclude>
    <ClInclude Include="CTimeMgr.h">
      <Filter>Game\03.Manager</Filter>
    </ClInclude>
    <ClInclude Include="KeyMgr.h">
      <Filter>Game\03.Manager</Filter>
    </ClInclude>
    <ClInclude Include="LevelMgr.h">
      <Filter>Game\03.Manager</Filter>
    </ClInclude>
    <ClInclude Include="CProjectile.h">
      <Filter>Game\04.Object\Projectile</Filter>
    </ClInclude>
    <ClInclude Include="Monster.h">
      <Filter>Game\04.Object\Monster</Filter>
    </ClInclude>
    <ClInclude Include="CPathMgr.h">
      <Filter>Game\03.Manager</Filter>
    </ClInclude>
    <ClInclude Include="func.h">
      <Filter>Game\01.Header</Filter>
    </ClInclude>
    <ClInclude Include="CEntity.h" />
    <ClInclude Include="Guided.h">
      <Filter>Game\04.Object\Projectile</Filter>
    </ClInclude>
    <ClInclude Include="CLayer.h">
      <Filter>Game\05.Level</Filter>
    </ClInclude>
    <ClInclude Include="Camera.h">
      <Filter>Game\03.Manager</Filter>
    </ClInclude>
    <ClInclude Include="TaskMgr.h">
      <Filter>Game\03.Manager</Filter>
    </ClInclude>
    <ClInclude Include="Collider.h">
      <Filter>Game\06.Component</Filter>
    </ClInclude>
    <ClInclude Include="Component.h">
      <Filter>Game\06.Component</Filter>
    </ClInclude>
    <ClInclude Include="CollisionMgr.h" />
  </ItemGroup>
  <ItemGroup>
    <ResourceCompile Include="Client.rc">
      <Filter>리소스 파일</Filter>
    </ResourceCompile>
  </ItemGroup>
  <ItemGroup>
    <Image Include="small.ico">
      <Filter>리소스 파일</Filter>
    </Image>
    <Image Include="Client.ico">
      <Filter>리소스 파일</Filter>
    </Image>
  </ItemGroup>
  <ItemGroup>
    <ClCompile Include="main.cpp">
      <Filter>Default</Filter>
    </ClCompile>
    <ClCompile Include="pch.cpp">
      <Filter>Default</Filter>
    </ClCompile>
    <ClCompile Include="CEngine.cpp">
      <Filter>Game\02.Engine</Filter>
    </ClCompile>
    <ClCompile Include="CObj.cpp">
      <Filter>Game\04.Object</Filter>
    </ClCompile>
    <ClCompile Include="Player.cpp">
      <Filter>Game\04.Object\Player</Filter>
    </ClCompile>
    <ClCompile Include="CLevel.cpp">
      <Filter>Game\05.Level</Filter>
    </ClCompile>
    <ClCompile Include="CTimeMgr.cpp">
      <Filter>Game\03.Manager</Filter>
    </ClCompile>
    <ClCompile Include="KeyMgr.cpp">
      <Filter>Game\03.Manager</Filter>
    </ClCompile>
    <ClCompile Include="LevelMgr.cpp">
      <Filter>Game\03.Manager</Filter>
    </ClCompile>
    <ClCompile Include="CProjectile.cpp">
      <Filter>Game\04.Object\Projectile</Filter>
    </ClCompile>
    <ClCompile Include="Monster.cpp">
      <Filter>Game\04.Object\Monster</Filter>
    </ClCompile>
    <ClCompile Include="CPathMgr.cpp">
      <Filter>Game\03.Manager</Filter>
    </ClCompile>
    <ClCompile Include="func.cpp">
      <Filter>Game\01.Header</Filter>
    </ClCompile>
    <ClCompile Include="CEntity.cpp" />
    <ClCompile Include="Guided.cpp">
      <Filter>Game\04.Object\Projectile</Filter>
    </ClCompile>
    <ClCompile Include="CLayer.cpp">
      <Filter>Game\05.Level</Filter>
    </ClCompile>
    <ClCompile Include="Camera.cpp">
      <Filter>Game\03.Manager</Filter>
    </ClCompile>
    <ClCompile Include="TaskMgr.cpp">
      <Filter>Game\03.Manager</Filter>
    </ClCompile>
    <ClCompile Include="Collider.cpp">
      <Filter>Game\06.Component</Filter>
    </ClCompile>
    <ClCompile Include="Component.cpp">
      <Filter>Game\06.Component</Filter>
    </ClCompile>
    <ClCompile Include="struct.cpp">
      <Filter>Game\01.Header</Filter>
    </ClCompile>
    <ClCompile Include="CollisionMgr.cpp" />
  </ItemGroup>
</Project>