<?xml version="1.0" encoding="utf-8"?>
<Project ToolsVersion="4.0" xmlns="http://schemas.microsoft.com/developer/msbuild/2003">
  <ItemGroup>
    <Filter Include="리소스 파일">
      <UniqueIdentifier>{67DA6AB6-F800-4c08-8B7A-83BB121AAD01}</UniqueIdentifier>
      <Extensions>rc;ico;cur;bmp;dlg;rc2;rct;bin;rgs;gif;jpg;jpeg;jpe;resx;tiff;tif;png;wav;mfcribbon-ms</Extensions>
    </Filter>
    <Filter Include="Default">
      <UniqueIdentifier>{90204b5d-2827-4bbd-b71b-cc8c6936dd21}</UniqueIdentifier>
    </Filter>
    <Filter Include="Game">
      <UniqueIdentifier>{d90b0bbf-a7d7-420f-ba75-3b8541af1523}</UniqueIdentifier>
    </Filter>
    <Filter Include="Game\01. Header">
      <UniqueIdentifier>{109d493c-1b52-4b43-a1ce-d5b2ad310370}</UniqueIdentifier>
    </Filter>
    <Filter Include="Game\02. Engine">
      <UniqueIdentifier>{c959a567-f882-47e8-b5bb-b6c1c825a654}</UniqueIdentifier>
    </Filter>
    <Filter Include="Game\03. Manager">
      <UniqueIdentifier>{b9124116-16aa-4e17-b741-154a10b521cc}</UniqueIdentifier>
    </Filter>
    <Filter Include="Game\07. Asset">
      <UniqueIdentifier>{7613719c-f9de-4f35-8c7e-1fddd8b50df5}</UniqueIdentifier>
    </Filter>
    <Filter Include="Game\06. Component">
      <UniqueIdentifier>{0cb310d0-4c20-4ea9-bff9-089708c707fb}</UniqueIdentifier>
    </Filter>
    <Filter Include="Game\05. Object">
      <UniqueIdentifier>{8765aa85-354e-4ae3-a6b8-79375ae9b07a}</UniqueIdentifier>
    </Filter>
    <Filter Include="Game\05. Object\Player">
      <UniqueIdentifier>{60ad5a23-cc12-4622-8f93-46ef985923b2}</UniqueIdentifier>
    </Filter>
    <Filter Include="Game\05. Object\Monster">
      <UniqueIdentifier>{04ef5e7b-647f-49e3-a723-ca8c0c9ccaf6}</UniqueIdentifier>
    </Filter>
    <Filter Include="Game\04. Level">
      <UniqueIdentifier>{103c338d-ff39-4f76-b476-f566710e2f87}</UniqueIdentifier>
    </Filter>
    <Filter Include="Game\04. Level\EditorLevel">
      <UniqueIdentifier>{7264cc3a-722e-417d-aa62-4f1c0f6e1a4d}</UniqueIdentifier>
    </Filter>
    <Filter Include="Game\04. Level\PlayLevel">
      <UniqueIdentifier>{70712ddb-87f2-495f-840e-88cac0d49a3e}</UniqueIdentifier>
    </Filter>
    <Filter Include="Game\04. Level\StartLevel">
      <UniqueIdentifier>{7a4b4300-a53d-4df4-ba42-d3c6d0a2b7a1}</UniqueIdentifier>
    </Filter>
    <Filter Include="Game\05. Object\Platform">
      <UniqueIdentifier>{9e3a01da-139f-4c00-bcde-9f33015cea83}</UniqueIdentifier>
    </Filter>
    <Filter Include="Game\05. Object\Projectile">
      <UniqueIdentifier>{17370f38-4edd-4df5-aaf2-2317c05ead12}</UniqueIdentifier>
    </Filter>
    <Filter Include="Game\05. Object\Tile">
      <UniqueIdentifier>{bfa6cbdf-eaf0-4f75-8e65-b150d84cd8fa}</UniqueIdentifier>
    </Filter>
    <Filter Include="Game\06. Component\AI">
      <UniqueIdentifier>{f974279b-8fc0-4b60-9b80-37608d15f8de}</UniqueIdentifier>
    </Filter>
    <Filter Include="Game\06. Component\Animator">
      <UniqueIdentifier>{053f9171-634c-43af-8da3-df827cf65794}</UniqueIdentifier>
    </Filter>
    <Filter Include="Game\06. Component\Collider">
      <UniqueIdentifier>{c8c93b83-55fc-404e-9b02-87c0c38bf610}</UniqueIdentifier>
    </Filter>
    <Filter Include="Game\06. Component\Movement">
      <UniqueIdentifier>{06035d58-6921-44e7-b0e0-9f5b2abf5458}</UniqueIdentifier>
    </Filter>
    <Filter Include="Game\07. Asset\Sound">
      <UniqueIdentifier>{9ccd4bb3-e3ac-4476-90c2-bf71b04a1678}</UniqueIdentifier>
    </Filter>
    <Filter Include="Game\07. Asset\Texture">
      <UniqueIdentifier>{40954d8f-4a7a-4855-9730-904fcb01e736}</UniqueIdentifier>
    </Filter>
  </ItemGroup>
  <ItemGroup>
    <ResourceCompile Include="Jin.rc">
      <Filter>리소스 파일</Filter>
    </ResourceCompile>
  </ItemGroup>
  <ItemGroup>
    <Image Include="small.ico">
      <Filter>리소스 파일</Filter>
    </Image>
    <Image Include="Jin.ico">
      <Filter>리소스 파일</Filter>
    </Image>
  </ItemGroup>
  <ItemGroup>
    <ClCompile Include="Engine.cpp">
      <Filter>Game\02. Engine</Filter>
    </ClCompile>
    <ClCompile Include="TimeMgr.cpp">
      <Filter>Game\03. Manager</Filter>
    </ClCompile>
    <ClCompile Include="Obj.cpp">
      <Filter>Game\05. Object</Filter>
    </ClCompile>
    <ClCompile Include="Player.cpp">
      <Filter>Game\05. Object\Player</Filter>
    </ClCompile>
    <ClCompile Include="Level.cpp">
      <Filter>Game\04. Level</Filter>
    </ClCompile>
    <ClCompile Include="Jin.cpp">
      <Filter>Default</Filter>
    </ClCompile>
    <ClCompile Include="pch.cpp">
      <Filter>Default</Filter>
    </ClCompile>
    <ClCompile Include="Monster.cpp">
      <Filter>Game\05. Object\Monster</Filter>
    </ClCompile>
    <ClCompile Include="DrawMgr.cpp">
      <Filter>Game\03. Manager</Filter>
    </ClCompile>
    <ClCompile Include="KeyMgr.cpp">
      <Filter>Game\03. Manager</Filter>
    </ClCompile>
    <ClCompile Include="LevelMgr.cpp">
      <Filter>Game\03. Manager</Filter>
    </ClCompile>
    <ClCompile Include="PathMgr.cpp">
      <Filter>Game\03. Manager</Filter>
    </ClCompile>
    <ClCompile Include="func.cpp">
      <Filter>Game\01. Header</Filter>
    </ClCompile>
    <ClCompile Include="Entity.cpp" />
    <ClCompile Include="struct.cpp">
      <Filter>Game\01. Header</Filter>
    </ClCompile>
    <ClCompile Include="AssetMgr.cpp">
      <Filter>Game\03. Manager</Filter>
    </ClCompile>
    <ClCompile Include="CollisionMgr.cpp">
      <Filter>Game\03. Manager</Filter>
    </ClCompile>
    <ClCompile Include="Camera.cpp">
      <Filter>Game\03. Manager</Filter>
    </ClCompile>
    <ClCompile Include="GCMgr.cpp">
      <Filter>Game\03. Manager</Filter>
    </ClCompile>
    <ClCompile Include="LogMgr.cpp">
      <Filter>Game\03. Manager</Filter>
    </ClCompile>
    <ClCompile Include="TaskMgr.cpp">
      <Filter>Game\03. Manager</Filter>
    </ClCompile>
    <ClCompile Include="EditorLevel.cpp">
      <Filter>Game\04. Level\EditorLevel</Filter>
    </ClCompile>
    <ClCompile Include="StartLevel.cpp">
      <Filter>Game\04. Level\StartLevel</Filter>
    </ClCompile>
    <ClCompile Include="PlayLevel.cpp">
      <Filter>Game\04. Level\PlayLevel</Filter>
    </ClCompile>
    <ClCompile Include="Layer.cpp">
      <Filter>Game\04. Level</Filter>
    </ClCompile>
    <ClCompile Include="Platform.cpp">
      <Filter>Game\05. Object\Platform</Filter>
    </ClCompile>
    <ClCompile Include="Guided.cpp">
      <Filter>Game\05. Object\Projectile</Filter>
    </ClCompile>
    <ClCompile Include="Projectile.cpp">
      <Filter>Game\05. Object\Projectile</Filter>
    </ClCompile>
    <ClCompile Include="Tile.cpp">
      <Filter>Game\05. Object\Tile</Filter>
    </ClCompile>
    <ClCompile Include="Anim.cpp">
      <Filter>Game\06. Component\Animator</Filter>
    </ClCompile>
    <ClCompile Include="Animator.cpp">
      <Filter>Game\06. Component\Animator</Filter>
    </ClCompile>
    <ClCompile Include="Collider.cpp">
      <Filter>Game\06. Component\Collider</Filter>
    </ClCompile>
    <ClCompile Include="Movement.cpp">
      <Filter>Game\06. Component\Movement</Filter>
    </ClCompile>
    <ClCompile Include="Component.cpp">
      <Filter>Game\06. Component</Filter>
    </ClCompile>
    <ClCompile Include="Asset.cpp">
      <Filter>Game\07. Asset</Filter>
    </ClCompile>
    <ClCompile Include="Texture.cpp">
      <Filter>Game\07. Asset\Texture</Filter>
    </ClCompile>
    <ClCompile Include="Sound.cpp">
      <Filter>Game\07. Asset\Sound</Filter>
    </ClCompile>
    <ClCompile Include="UI.cpp" />
    <ClCompile Include="PanelUI.cpp" />
    <ClCompile Include="BtnUI.cpp" />
    <ClCompile Include="UIMgr.cpp" />
    <ClCompile Include="SoundMgr.cpp" />
    <ClCompile Include="State.cpp" />
    <ClCompile Include="StateMachine.cpp" />
    <ClCompile Include="NormalMonTrace.cpp" />
    <ClCompile Include="NormalMonIdle.cpp" />
  </ItemGroup>
  <ItemGroup>
    <ClInclude Include="Client.h">
      <Filter>Default</Filter>
    </ClInclude>
    <ClInclude Include="Jin.h">
      <Filter>Default</Filter>
    </ClInclude>
    <ClInclude Include="Resource.h">
      <Filter>Default</Filter>
    </ClInclude>
    <ClInclude Include="targetver.h">
      <Filter>Default</Filter>
    </ClInclude>
    <ClInclude Include="define.h">
      <Filter>Game\01. Header</Filter>
    </ClInclude>
    <ClInclude Include="global.h">
      <Filter>Game\01. Header</Filter>
    </ClInclude>
    <ClInclude Include="Engine.h">
      <Filter>Game\02. Engine</Filter>
    </ClInclude>
    <ClInclude Include="TimeMgr.h">
      <Filter>Game\03. Manager</Filter>
    </ClInclude>
    <ClInclude Include="Obj.h">
      <Filter>Game\05. Object</Filter>
    </ClInclude>
    <ClInclude Include="Player.h">
      <Filter>Game\05. Object\Player</Filter>
    </ClInclude>
    <ClInclude Include="Level.h">
      <Filter>Game\04. Level</Filter>
    </ClInclude>
    <ClInclude Include="pch.h">
      <Filter>Default</Filter>
    </ClInclude>
    <ClInclude Include="Monster.h">
      <Filter>Game\05. Object\Monster</Filter>
    </ClInclude>
    <ClInclude Include="struct.h">
      <Filter>Game\01. Header</Filter>
    </ClInclude>
    <ClInclude Include="DrawMgr.h">
      <Filter>Game\03. Manager</Filter>
    </ClInclude>
    <ClInclude Include="KeyMgr.h">
      <Filter>Game\03. Manager</Filter>
    </ClInclude>
    <ClInclude Include="LevelMgr.h">
      <Filter>Game\03. Manager</Filter>
    </ClInclude>
    <ClInclude Include="PathMgr.h">
      <Filter>Game\03. Manager</Filter>
    </ClInclude>
    <ClInclude Include="func.h">
      <Filter>Game\01. Header</Filter>
    </ClInclude>
    <ClInclude Include="Entity.h" />
    <ClInclude Include="components.h">
      <Filter>Game\01. Header</Filter>
    </ClInclude>
    <ClInclude Include="AssetMgr.h">
      <Filter>Game\03. Manager</Filter>
    </ClInclude>
    <ClInclude Include="CollisionMgr.h">
      <Filter>Game\03. Manager</Filter>
    </ClInclude>
    <ClInclude Include="Camera.h">
      <Filter>Game\03. Manager</Filter>
    </ClInclude>
    <ClInclude Include="GCMgr.h">
      <Filter>Game\03. Manager</Filter>
    </ClInclude>
    <ClInclude Include="LogMgr.h">
      <Filter>Game\03. Manager</Filter>
    </ClInclude>
    <ClInclude Include="TaskMgr.h">
      <Filter>Game\03. Manager</Filter>
    </ClInclude>
    <ClInclude Include="EditorLevel.h">
      <Filter>Game\04. Level\EditorLevel</Filter>
    </ClInclude>
    <ClInclude Include="StartLevel.h">
      <Filter>Game\04. Level\StartLevel</Filter>
    </ClInclude>
    <ClInclude Include="PlayLevel.h">
      <Filter>Game\04. Level\PlayLevel</Filter>
    </ClInclude>
    <ClInclude Include="Layer.h">
      <Filter>Game\04. Level</Filter>
    </ClInclude>
    <ClInclude Include="Platform.h">
      <Filter>Game\05. Object\Platform</Filter>
    </ClInclude>
    <ClInclude Include="Guided.h">
      <Filter>Game\05. Object\Projectile</Filter>
    </ClInclude>
    <ClInclude Include="Projectile.h">
      <Filter>Game\05. Object\Projectile</Filter>
    </ClInclude>
    <ClInclude Include="Tile.h">
      <Filter>Game\05. Object\Tile</Filter>
    </ClInclude>
    <ClInclude Include="Anim.h">
      <Filter>Game\06. Component\Animator</Filter>
    </ClInclude>
    <ClInclude Include="Animator.h">
      <Filter>Game\06. Component\Animator</Filter>
    </ClInclude>
    <ClInclude Include="Collider.h">
      <Filter>Game\06. Component\Collider</Filter>
    </ClInclude>
    <ClInclude Include="Movement.h">
      <Filter>Game\06. Component\Movement</Filter>
    </ClInclude>
    <ClInclude Include="Component.h">
      <Filter>Game\06. Component</Filter>
    </ClInclude>
    <ClInclude Include="Asset.h">
      <Filter>Game\07. Asset</Filter>
    </ClInclude>
    <ClInclude Include="Texture.h">
      <Filter>Game\07. Asset\Texture</Filter>
    </ClInclude>
    <ClInclude Include="Sound.h">
      <Filter>Game\07. Asset\Sound</Filter>
    </ClInclude>
    <ClInclude Include="UI.h" />
    <ClInclude Include="PanelUI.h" />
    <ClInclude Include="BtnUI.h" />
    <ClInclude Include="UIMgr.h" />
    <ClInclude Include="SoundMgr.h" />
    <ClInclude Include="State.h" />
    <ClInclude Include="StateMachine.h" />
    <ClInclude Include="NormalMonTrace.h" />
    <ClInclude Include="NormalMonIdle.h" />
  </ItemGroup>
</Project>